// !$*UTF8*$!
{
	archiveVersion = 1;
	classes = {
	};
	objectVersion = 46;
	objects = {

/* Begin PBXBuildFile section */
		AB0838CF14E2ED6F00BBBDA2 /* UIKit.framework in Frameworks */ = {isa = PBXBuildFile; fileRef = AB0838CE14E2ED6F00BBBDA2 /* UIKit.framework */; };
		AB0838D114E2ED6F00BBBDA2 /* Foundation.framework in Frameworks */ = {isa = PBXBuildFile; fileRef = AB0838D014E2ED6F00BBBDA2 /* Foundation.framework */; };
		AB0838D314E2ED6F00BBBDA2 /* CoreGraphics.framework in Frameworks */ = {isa = PBXBuildFile; fileRef = AB0838D214E2ED6F00BBBDA2 /* CoreGraphics.framework */; };
		AB0838D914E2ED6F00BBBDA2 /* InfoPlist.strings in Resources */ = {isa = PBXBuildFile; fileRef = AB0838D714E2ED6F00BBBDA2 /* InfoPlist.strings */; };
		AB0838DB14E2ED6F00BBBDA2 /* main.m in Sources */ = {isa = PBXBuildFile; fileRef = AB0838DA14E2ED6F00BBBDA2 /* main.m */; };
		AB0838DF14E2ED6F00BBBDA2 /* AppDelegate.m in Sources */ = {isa = PBXBuildFile; fileRef = AB0838DE14E2ED6F00BBBDA2 /* AppDelegate.m */; };
		AB0838EF14E2EDD300BBBDA2 /* PagingView.m in Sources */ = {isa = PBXBuildFile; fileRef = AB0838EB14E2EDD300BBBDA2 /* PagingView.m */; };
		AB0838F014E2EDD300BBBDA2 /* PeepingPagingView.m in Sources */ = {isa = PBXBuildFile; fileRef = AB0838ED14E2EDD300BBBDA2 /* PeepingPagingView.m */; };
		AB0838F714E2EDF000BBBDA2 /* PagingViewController.m in Sources */ = {isa = PBXBuildFile; fileRef = AB0838F614E2EDF000BBBDA2 /* PagingViewController.m */; };
		AB08390214E2EEF300BBBDA2 /* ListingViewController.m in Sources */ = {isa = PBXBuildFile; fileRef = AB08390114E2EEF300BBBDA2 /* ListingViewController.m */; };
		AB08390514E2EFB000BBBDA2 /* PeepingPagingViewController.m in Sources */ = {isa = PBXBuildFile; fileRef = AB08390414E2EFB000BBBDA2 /* PeepingPagingViewController.m */; };
		AB08390814E2F07C00BBBDA2 /* PageView.m in Sources */ = {isa = PBXBuildFile; fileRef = AB08390714E2F07C00BBBDA2 /* PageView.m */; };
/* End PBXBuildFile section */

/* Begin PBXFileReference section */
		AB0838CA14E2ED6F00BBBDA2 /* LXPagingViewsDemo.app */ = {isa = PBXFileReference; explicitFileType = wrapper.application; includeInIndex = 0; path = LXPagingViewsDemo.app; sourceTree = BUILT_PRODUCTS_DIR; };
		AB0838CE14E2ED6F00BBBDA2 /* UIKit.framework */ = {isa = PBXFileReference; lastKnownFileType = wrapper.framework; name = UIKit.framework; path = System/Library/Frameworks/UIKit.framework; sourceTree = SDKROOT; };
		AB0838D014E2ED6F00BBBDA2 /* Foundation.framework */ = {isa = PBXFileReference; lastKnownFileType = wrapper.framework; name = Foundation.framework; path = System/Library/Frameworks/Foundation.framework; sourceTree = SDKROOT; };
		AB0838D214E2ED6F00BBBDA2 /* CoreGraphics.framework */ = {isa = PBXFileReference; lastKnownFileType = wrapper.framework; name = CoreGraphics.framework; path = System/Library/Frameworks/CoreGraphics.framework; sourceTree = SDKROOT; };
		AB0838D614E2ED6F00BBBDA2 /* LXPagingViewsDemo-Info.plist */ = {isa = PBXFileReference; lastKnownFileType = text.plist.xml; path = "LXPagingViewsDemo-Info.plist"; sourceTree = "<group>"; };
		AB0838D814E2ED6F00BBBDA2 /* en */ = {isa = PBXFileReference; lastKnownFileType = text.plist.strings; name = en; path = en.lproj/InfoPlist.strings; sourceTree = "<group>"; };
		AB0838DA14E2ED6F00BBBDA2 /* main.m */ = {isa = PBXFileReference; lastKnownFileType = sourcecode.c.objc; path = main.m; sourceTree = "<group>"; };
		AB0838DC14E2ED6F00BBBDA2 /* LXPagingViewsDemo-Prefix.pch */ = {isa = PBXFileReference; lastKnownFileType = sourcecode.c.h; path = "LXPagingViewsDemo-Prefix.pch"; sourceTree = "<group>"; };
		AB0838DD14E2ED6F00BBBDA2 /* AppDelegate.h */ = {isa = PBXFileReference; lastKnownFileType = sourcecode.c.h; path = AppDelegate.h; sourceTree = "<group>"; };
		AB0838DE14E2ED6F00BBBDA2 /* AppDelegate.m */ = {isa = PBXFileReference; lastKnownFileType = sourcecode.c.objc; path = AppDelegate.m; sourceTree = "<group>"; };
		AB0838EA14E2EDD300BBBDA2 /* PagingView.h */ = {isa = PBXFileReference; fileEncoding = 4; lastKnownFileType = sourcecode.c.h; path = PagingView.h; sourceTree = "<group>"; };
		AB0838EB14E2EDD300BBBDA2 /* PagingView.m */ = {isa = PBXFileReference; fileEncoding = 4; lastKnownFileType = sourcecode.c.objc; path = PagingView.m; sourceTree = "<group>"; };
		AB0838EC14E2EDD300BBBDA2 /* PeepingPagingView.h */ = {isa = PBXFileReference; fileEncoding = 4; lastKnownFileType = sourcecode.c.h; path = PeepingPagingView.h; sourceTree = "<group>"; };
		AB0838ED14E2EDD300BBBDA2 /* PeepingPagingView.m */ = {isa = PBXFileReference; fileEncoding = 4; lastKnownFileType = sourcecode.c.objc; path = PeepingPagingView.m; sourceTree = "<group>"; };
		AB0838EE14E2EDD300BBBDA2 /* ReusableView.h */ = {isa = PBXFileReference; fileEncoding = 4; lastKnownFileType = sourcecode.c.h; path = ReusableView.h; sourceTree = "<group>"; };
		AB0838F514E2EDF000BBBDA2 /* PagingViewController.h */ = {isa = PBXFileReference; fileEncoding = 4; lastKnownFileType = sourcecode.c.h; path = PagingViewController.h; sourceTree = "<group>"; };
		AB0838F614E2EDF000BBBDA2 /* PagingViewController.m */ = {isa = PBXFileReference; fileEncoding = 4; lastKnownFileType = sourcecode.c.objc; path = PagingViewController.m; sourceTree = "<group>"; };
		AB08390014E2EEF300BBBDA2 /* ListingViewController.h */ = {isa = PBXFileReference; fileEncoding = 4; lastKnownFileType = sourcecode.c.h; path = ListingViewController.h; sourceTree = "<group>"; };
		AB08390114E2EEF300BBBDA2 /* ListingViewController.m */ = {isa = PBXFileReference; fileEncoding = 4; lastKnownFileType = sourcecode.c.objc; path = ListingViewController.m; sourceTree = "<group>"; };
		AB08390314E2EFB000BBBDA2 /* PeepingPagingViewController.h */ = {isa = PBXFileReference; fileEncoding = 4; lastKnownFileType = sourcecode.c.h; path = PeepingPagingViewController.h; sourceTree = "<group>"; };
		AB08390414E2EFB000BBBDA2 /* PeepingPagingViewController.m */ = {isa = PBXFileReference; fileEncoding = 4; lastKnownFileType = sourcecode.c.objc; path = PeepingPagingViewController.m; sourceTree = "<group>"; };
		AB08390614E2F07C00BBBDA2 /* PageView.h */ = {isa = PBXFileReference; fileEncoding = 4; lastKnownFileType = sourcecode.c.h; path = PageView.h; sourceTree = "<group>"; };
		AB08390714E2F07C00BBBDA2 /* PageView.m */ = {isa = PBXFileReference; fileEncoding = 4; lastKnownFileType = sourcecode.c.objc; path = PageView.m; sourceTree = "<group>"; };
/* End PBXFileReference section */

/* Begin PBXFrameworksBuildPhase section */
		AB0838C714E2ED6F00BBBDA2 /* Frameworks */ = {
			isa = PBXFrameworksBuildPhase;
			buildActionMask = 2147483647;
			files = (
				AB0838CF14E2ED6F00BBBDA2 /* UIKit.framework in Frameworks */,
				AB0838D114E2ED6F00BBBDA2 /* Foundation.framework in Frameworks */,
				AB0838D314E2ED6F00BBBDA2 /* CoreGraphics.framework in Frameworks */,
			);
			runOnlyForDeploymentPostprocessing = 0;
		};
/* End PBXFrameworksBuildPhase section */

/* Begin PBXGroup section */
		AB0838BF14E2ED6F00BBBDA2 = {
			isa = PBXGroup;
			children = (
				AB0838E914E2EDD300BBBDA2 /* LXPagingViews */,
				AB0838D414E2ED6F00BBBDA2 /* LXPagingViewsDemo */,
				AB0838CD14E2ED6F00BBBDA2 /* Frameworks */,
				AB0838CB14E2ED6F00BBBDA2 /* Products */,
			);
			sourceTree = "<group>";
		};
		AB0838CB14E2ED6F00BBBDA2 /* Products */ = {
			isa = PBXGroup;
			children = (
				AB0838CA14E2ED6F00BBBDA2 /* LXPagingViewsDemo.app */,
			);
			name = Products;
			sourceTree = "<group>";
		};
		AB0838CD14E2ED6F00BBBDA2 /* Frameworks */ = {
			isa = PBXGroup;
			children = (
				AB0838CE14E2ED6F00BBBDA2 /* UIKit.framework */,
				AB0838D014E2ED6F00BBBDA2 /* Foundation.framework */,
				AB0838D214E2ED6F00BBBDA2 /* CoreGraphics.framework */,
			);
			name = Frameworks;
			sourceTree = "<group>";
		};
		AB0838D414E2ED6F00BBBDA2 /* LXPagingViewsDemo */ = {
			isa = PBXGroup;
			children = (
				AB0838FF14E2EE5500BBBDA2 /* Views */,
				AB0838FB14E2EE2900BBBDA2 /* View Controllers */,
				AB0838DD14E2ED6F00BBBDA2 /* AppDelegate.h */,
				AB0838DE14E2ED6F00BBBDA2 /* AppDelegate.m */,
				AB0838D514E2ED6F00BBBDA2 /* Supporting Files */,
			);
			path = LXPagingViewsDemo;
			sourceTree = "<group>";
		};
		AB0838D514E2ED6F00BBBDA2 /* Supporting Files */ = {
			isa = PBXGroup;
			children = (
				AB0838D614E2ED6F00BBBDA2 /* LXPagingViewsDemo-Info.plist */,
				AB0838D714E2ED6F00BBBDA2 /* InfoPlist.strings */,
				AB0838DA14E2ED6F00BBBDA2 /* main.m */,
				AB0838DC14E2ED6F00BBBDA2 /* LXPagingViewsDemo-Prefix.pch */,
			);
			name = "Supporting Files";
			sourceTree = "<group>";
		};
		AB0838E914E2EDD300BBBDA2 /* LXPagingViews */ = {
			isa = PBXGroup;
			children = (
				AB0838EA14E2EDD300BBBDA2 /* PagingView.h */,
				AB0838EB14E2EDD300BBBDA2 /* PagingView.m */,
				AB0838EC14E2EDD300BBBDA2 /* PeepingPagingView.h */,
				AB0838ED14E2EDD300BBBDA2 /* PeepingPagingView.m */,
				AB0838EE14E2EDD300BBBDA2 /* ReusableView.h */,
			);
			path = LXPagingViews;
			sourceTree = "<group>";
		};
		AB0838FB14E2EE2900BBBDA2 /* View Controllers */ = {
			isa = PBXGroup;
			children = (
				AB08390014E2EEF300BBBDA2 /* ListingViewController.h */,
				AB08390114E2EEF300BBBDA2 /* ListingViewController.m */,
				AB0838F514E2EDF000BBBDA2 /* PagingViewController.h */,
				AB0838F614E2EDF000BBBDA2 /* PagingViewController.m */,
				AB08390314E2EFB000BBBDA2 /* PeepingPagingViewController.h */,
				AB08390414E2EFB000BBBDA2 /* PeepingPagingViewController.m */,
			);
			name = "View Controllers";
			sourceTree = "<group>";
		};
		AB0838FF14E2EE5500BBBDA2 /* Views */ = {
			isa = PBXGroup;
			children = (
				AB08390614E2F07C00BBBDA2 /* PageView.h */,
				AB08390714E2F07C00BBBDA2 /* PageView.m */,
			);
			name = Views;
			sourceTree = "<group>";
		};
/* End PBXGroup section */

/* Begin PBXNativeTarget section */
		AB0838C914E2ED6F00BBBDA2 /* LXPagingViewsDemo */ = {
			isa = PBXNativeTarget;
			buildConfigurationList = AB0838E214E2ED6F00BBBDA2 /* Build configuration list for PBXNativeTarget "LXPagingViewsDemo" */;
			buildPhases = (
				AB0838C614E2ED6F00BBBDA2 /* Sources */,
				AB0838C714E2ED6F00BBBDA2 /* Frameworks */,
				AB0838C814E2ED6F00BBBDA2 /* Resources */,
			);
			buildRules = (
			);
			dependencies = (
			);
			name = LXPagingViewsDemo;
			productName = LXPagingViewsDemo;
			productReference = AB0838CA14E2ED6F00BBBDA2 /* LXPagingViewsDemo.app */;
			productType = "com.apple.product-type.application";
		};
/* End PBXNativeTarget section */

/* Begin PBXProject section */
		AB0838C114E2ED6F00BBBDA2 /* Project object */ = {
			isa = PBXProject;
			attributes = {
				LastUpgradeCheck = 0420;
				ORGANIZATIONNAME = "d--buzz";
			};
			buildConfigurationList = AB0838C414E2ED6F00BBBDA2 /* Build configuration list for PBXProject "LXPagingViewsDemo" */;
			compatibilityVersion = "Xcode 3.2";
			developmentRegion = English;
			hasScannedForEncodings = 0;
			knownRegions = (
				en,
			);
			mainGroup = AB0838BF14E2ED6F00BBBDA2;
			productRefGroup = AB0838CB14E2ED6F00BBBDA2 /* Products */;
			projectDirPath = "";
			projectRoot = "";
			targets = (
				AB0838C914E2ED6F00BBBDA2 /* LXPagingViewsDemo */,
			);
		};
/* End PBXProject section */

/* Begin PBXResourcesBuildPhase section */
		AB0838C814E2ED6F00BBBDA2 /* Resources */ = {
			isa = PBXResourcesBuildPhase;
			buildActionMask = 2147483647;
			files = (
				AB0838D914E2ED6F00BBBDA2 /* InfoPlist.strings in Resources */,
			);
			runOnlyForDeploymentPostprocessing = 0;
		};
/* End PBXResourcesBuildPhase section */

/* Begin PBXSourcesBuildPhase section */
		AB0838C614E2ED6F00BBBDA2 /* Sources */ = {
			isa = PBXSourcesBuildPhase;
			buildActionMask = 2147483647;
			files = (
				AB0838DB14E2ED6F00BBBDA2 /* main.m in Sources */,
				AB0838DF14E2ED6F00BBBDA2 /* AppDelegate.m in Sources */,
				AB0838EF14E2EDD300BBBDA2 /* PagingView.m in Sources */,
				AB0838F014E2EDD300BBBDA2 /* PeepingPagingView.m in Sources */,
				AB0838F714E2EDF000BBBDA2 /* PagingViewController.m in Sources */,
				AB08390214E2EEF300BBBDA2 /* ListingViewController.m in Sources */,
				AB08390514E2EFB000BBBDA2 /* PeepingPagingViewController.m in Sources */,
				AB08390814E2F07C00BBBDA2 /* PageView.m in Sources */,
			);
			runOnlyForDeploymentPostprocessing = 0;
		};
/* End PBXSourcesBuildPhase section */

/* Begin PBXVariantGroup section */
		AB0838D714E2ED6F00BBBDA2 /* InfoPlist.strings */ = {
			isa = PBXVariantGroup;
			children = (
				AB0838D814E2ED6F00BBBDA2 /* en */,
			);
			name = InfoPlist.strings;
			sourceTree = "<group>";
		};
/* End PBXVariantGroup section */

/* Begin XCBuildConfiguration section */
		AB0838E014E2ED6F00BBBDA2 /* Debug */ = {
			isa = XCBuildConfiguration;
			buildSettings = {
				ALWAYS_SEARCH_USER_PATHS = NO;
				ARCHS = "$(ARCHS_STANDARD_32_BIT)";
				CLANG_ENABLE_OBJC_ARC = YES;
				"CODE_SIGN_IDENTITY[sdk=iphoneos*]" = "iPhone Developer";
				COPY_PHASE_STRIP = NO;
				GCC_C_LANGUAGE_STANDARD = gnu99;
				GCC_DYNAMIC_NO_PIC = NO;
				GCC_OPTIMIZATION_LEVEL = 0;
				GCC_PREPROCESSOR_DEFINITIONS = (
					"DEBUG=1",
					"$(inherited)",
				);
				GCC_SYMBOLS_PRIVATE_EXTERN = NO;
				GCC_VERSION = com.apple.compilers.llvm.clang.1_0;
				GCC_WARN_ABOUT_MISSING_PROTOTYPES = YES;
				GCC_WARN_ABOUT_RETURN_TYPE = YES;
				GCC_WARN_UNUSED_VARIABLE = YES;
				IPHONEOS_DEPLOYMENT_TARGET = 5.0;
				SDKROOT = iphoneos;
				TARGETED_DEVICE_FAMILY = "1,2";
			};
			name = Debug;
		};
		AB0838E114E2ED6F00BBBDA2 /* Release */ = {
			isa = XCBuildConfiguration;
			buildSettings = {
				ALWAYS_SEARCH_USER_PATHS = NO;
				ARCHS = "$(ARCHS_STANDARD_32_BIT)";
				CLANG_ENABLE_OBJC_ARC = YES;
				"CODE_SIGN_IDENTITY[sdk=iphoneos*]" = "iPhone Developer";
				COPY_PHASE_STRIP = YES;
				GCC_C_LANGUAGE_STANDARD = gnu99;
				GCC_VERSION = com.apple.compilers.llvm.clang.1_0;
				GCC_WARN_ABOUT_MISSING_PROTOTYPES = YES;
				GCC_WARN_ABOUT_RETURN_TYPE = YES;
				GCC_WARN_UNUSED_VARIABLE = YES;
				IPHONEOS_DEPLOYMENT_TARGET = 5.0;
				OTHER_CFLAGS = "-DNS_BLOCK_ASSERTIONS=1";
				SDKROOT = iphoneos;
				TARGETED_DEVICE_FAMILY = "1,2";
				VALIDATE_PRODUCT = YES;
			};
			name = Release;
		};
		AB0838E314E2ED6F00BBBDA2 /* Debug */ = {
			isa = XCBuildConfiguration;
			buildSettings = {
				GCC_PRECOMPILE_PREFIX_HEADER = YES;
				GCC_PREFIX_HEADER = "LXPagingViewsDemo/LXPagingViewsDemo-Prefix.pch";
				INFOPLIST_FILE = "LXPagingViewsDemo/LXPagingViewsDemo-Info.plist";
				PRODUCT_NAME = "$(TARGET_NAME)";
				WRAPPER_EXTENSION = app;
			};
			name = Debug;
		};
		AB0838E414E2ED6F00BBBDA2 /* Release */ = {
			isa = XCBuildConfiguration;
			buildSettings = {
				GCC_PRECOMPILE_PREFIX_HEADER = YES;
				GCC_PREFIX_HEADER = "LXPagingViewsDemo/LXPagingViewsDemo-Prefix.pch";
				INFOPLIST_FILE = "LXPagingViewsDemo/LXPagingViewsDemo-Info.plist";
				PRODUCT_NAME = "$(TARGET_NAME)";
				WRAPPER_EXTENSION = app;
			};
			name = Release;
		};
/* End XCBuildConfiguration section */

/* Begin XCConfigurationList section */
		AB0838C414E2ED6F00BBBDA2 /* Build configuration list for PBXProject "LXPagingViewsDemo" */ = {
			isa = XCConfigurationList;
			buildConfigurations = (
				AB0838E014E2ED6F00BBBDA2 /* Debug */,
				AB0838E114E2ED6F00BBBDA2 /* Release */,
			);
			defaultConfigurationIsVisible = 0;
			defaultConfigurationName = Release;
		};
		AB0838E214E2ED6F00BBBDA2 /* Build configuration list for PBXNativeTarget "LXPagingViewsDemo" */ = {
			isa = XCConfigurationList;
			buildConfigurations = (
				AB0838E314E2ED6F00BBBDA2 /* Debug */,
				AB0838E414E2ED6F00BBBDA2 /* Release */,
			);
			defaultConfigurationIsVisible = 0;
			defaultConfigurationName = Release;
		};
/* End XCConfigurationList section */
	};
	rootObject = AB0838C114E2ED6F00BBBDA2 /* Project object */;
}
